// !$*UTF8*$!
{
	archiveVersion = 1;
	classes = {
	};
	objectVersion = 56;
	objects = {

/* Begin PBXBuildFile section */
		5A6F5C952C990E6A003B4A9F /* AppDelegate.swift in Sources */ = {isa = PBXBuildFile; fileRef = 5A6F5C942C990E6A003B4A9F /* AppDelegate.swift */; };
		5A6F5C972C990E6A003B4A9F /* SceneDelegate.swift in Sources */ = {isa = PBXBuildFile; fileRef = 5A6F5C962C990E6A003B4A9F /* SceneDelegate.swift */; };
		5A6F5C992C990E6A003B4A9F /* RMTabBarController.swift in Sources */ = {isa = PBXBuildFile; fileRef = 5A6F5C982C990E6A003B4A9F /* RMTabBarController.swift */; };
		5A6F5C9E2C990E6B003B4A9F /* Assets.xcassets in Resources */ = {isa = PBXBuildFile; fileRef = 5A6F5C9D2C990E6B003B4A9F /* Assets.xcassets */; };
		5A6F5CA12C990E6B003B4A9F /* Base in Resources */ = {isa = PBXBuildFile; fileRef = 5A6F5CA02C990E6B003B4A9F /* Base */; };
		5A6F5CB02C991A69003B4A9F /* RMLocation.swift in Sources */ = {isa = PBXBuildFile; fileRef = 5A6F5CAF2C991A69003B4A9F /* RMLocation.swift */; };
		5A6F5CB32C991A84003B4A9F /* RMCharacter.swift in Sources */ = {isa = PBXBuildFile; fileRef = 5A6F5CB22C991A84003B4A9F /* RMCharacter.swift */; };
		5A6F5CB52C991AA0003B4A9F /* RMEpisode.swift in Sources */ = {isa = PBXBuildFile; fileRef = 5A6F5CB42C991AA0003B4A9F /* RMEpisode.swift */; };
		5A6F5CB82C991B74003B4A9F /* RMCharacterViewController.swift in Sources */ = {isa = PBXBuildFile; fileRef = 5A6F5CB72C991B74003B4A9F /* RMCharacterViewController.swift */; };
		5A6F5CBA2C991B8C003B4A9F /* RMLocationViewController.swift in Sources */ = {isa = PBXBuildFile; fileRef = 5A6F5CB92C991B8C003B4A9F /* RMLocationViewController.swift */; };
		5A6F5CBC2C991B9A003B4A9F /* RMEpisodeViewController.swift in Sources */ = {isa = PBXBuildFile; fileRef = 5A6F5CBB2C991B9A003B4A9F /* RMEpisodeViewController.swift */; };
		5A6F5CBE2C991BA5003B4A9F /* RMSettingsViewController.swift in Sources */ = {isa = PBXBuildFile; fileRef = 5A6F5CBD2C991BA5003B4A9F /* RMSettingsViewController.swift */; };
/* End PBXBuildFile section */

/* Begin PBXFileReference section */
		5A6F5C912C990E6A003B4A9F /* RickAndMorty.app */ = {isa = PBXFileReference; explicitFileType = wrapper.application; includeInIndex = 0; path = RickAndMorty.app; sourceTree = BUILT_PRODUCTS_DIR; };
		5A6F5C942C990E6A003B4A9F /* AppDelegate.swift */ = {isa = PBXFileReference; lastKnownFileType = sourcecode.swift; path = AppDelegate.swift; sourceTree = "<group>"; };
		5A6F5C962C990E6A003B4A9F /* SceneDelegate.swift */ = {isa = PBXFileReference; lastKnownFileType = sourcecode.swift; path = SceneDelegate.swift; sourceTree = "<group>"; };
		5A6F5C982C990E6A003B4A9F /* RMTabBarController.swift */ = {isa = PBXFileReference; lastKnownFileType = sourcecode.swift; path = RMTabBarController.swift; sourceTree = "<group>"; };
		5A6F5C9D2C990E6B003B4A9F /* Assets.xcassets */ = {isa = PBXFileReference; lastKnownFileType = folder.assetcatalog; path = Assets.xcassets; sourceTree = "<group>"; };
		5A6F5CA02C990E6B003B4A9F /* Base */ = {isa = PBXFileReference; lastKnownFileType = file.storyboard; name = Base; path = Base.lproj/LaunchScreen.storyboard; sourceTree = "<group>"; };
		5A6F5CA22C990E6B003B4A9F /* Info.plist */ = {isa = PBXFileReference; lastKnownFileType = text.plist.xml; path = Info.plist; sourceTree = "<group>"; };
		5A6F5CAF2C991A69003B4A9F /* RMLocation.swift */ = {isa = PBXFileReference; lastKnownFileType = sourcecode.swift; path = RMLocation.swift; sourceTree = "<group>"; };
		5A6F5CB22C991A84003B4A9F /* RMCharacter.swift */ = {isa = PBXFileReference; lastKnownFileType = sourcecode.swift; path = RMCharacter.swift; sourceTree = "<group>"; };
		5A6F5CB42C991AA0003B4A9F /* RMEpisode.swift */ = {isa = PBXFileReference; lastKnownFileType = sourcecode.swift; path = RMEpisode.swift; sourceTree = "<group>"; };
		5A6F5CB72C991B74003B4A9F /* RMCharacterViewController.swift */ = {isa = PBXFileReference; lastKnownFileType = sourcecode.swift; path = RMCharacterViewController.swift; sourceTree = "<group>"; };
		5A6F5CB92C991B8C003B4A9F /* RMLocationViewController.swift */ = {isa = PBXFileReference; lastKnownFileType = sourcecode.swift; path = RMLocationViewController.swift; sourceTree = "<group>"; };
		5A6F5CBB2C991B9A003B4A9F /* RMEpisodeViewController.swift */ = {isa = PBXFileReference; lastKnownFileType = sourcecode.swift; path = RMEpisodeViewController.swift; sourceTree = "<group>"; };
		5A6F5CBD2C991BA5003B4A9F /* RMSettingsViewController.swift */ = {isa = PBXFileReference; lastKnownFileType = sourcecode.swift; path = RMSettingsViewController.swift; sourceTree = "<group>"; };
/* End PBXFileReference section */

/* Begin PBXFrameworksBuildPhase section */
		5A6F5C8E2C990E6A003B4A9F /* Frameworks */ = {
			isa = PBXFrameworksBuildPhase;
			buildActionMask = 2147483647;
			files = (
			);
			runOnlyForDeploymentPostprocessing = 0;
		};
/* End PBXFrameworksBuildPhase section */

/* Begin PBXGroup section */
		5A6F5C882C990E6A003B4A9F = {
			isa = PBXGroup;
			children = (
				5A6F5C932C990E6A003B4A9F /* RickAndMorty */,
				5A6F5C922C990E6A003B4A9F /* Products */,
			);
			sourceTree = "<group>";
		};
		5A6F5C922C990E6A003B4A9F /* Products */ = {
			isa = PBXGroup;
			children = (
				5A6F5C912C990E6A003B4A9F /* RickAndMorty.app */,
			);
			name = Products;
			sourceTree = "<group>";
		};
		5A6F5C932C990E6A003B4A9F /* RickAndMorty */ = {
			isa = PBXGroup;
			children = (
				5A6F5CAE2C9919C7003B4A9F /* Resources */,
				5A6F5CAD2C9919C0003B4A9F /* Managers */,
				5A6F5CAC2C9919B7003B4A9F /* APIClients */,
				5A6F5CAB2C9919A9003B4A9F /* ViewModels */,
				5A6F5CAA2C9919A3003B4A9F /* Views */,
				5A6F5CA92C99199E003B4A9F /* Models */,
				5A6F5CA82C991991003B4A9F /* Controllers */,
				5A6F5CA22C990E6B003B4A9F /* Info.plist */,
			);
			path = RickAndMorty;
			sourceTree = "<group>";
		};
		5A6F5CA82C991991003B4A9F /* Controllers */ = {
			isa = PBXGroup;
			children = (
				5A6F5CB62C991B34003B4A9F /* Core */,
			);
			path = Controllers;
			sourceTree = "<group>";
		};
		5A6F5CA92C99199E003B4A9F /* Models */ = {
			isa = PBXGroup;
			children = (
				5A6F5CAF2C991A69003B4A9F /* RMLocation.swift */,
				5A6F5CB22C991A84003B4A9F /* RMCharacter.swift */,
				5A6F5CB42C991AA0003B4A9F /* RMEpisode.swift */,
			);
			path = Models;
			sourceTree = "<group>";
		};
		5A6F5CAA2C9919A3003B4A9F /* Views */ = {
			isa = PBXGroup;
			children = (
			);
			path = Views;
			sourceTree = "<group>";
		};
		5A6F5CAB2C9919A9003B4A9F /* ViewModels */ = {
			isa = PBXGroup;
			children = (
			);
			path = ViewModels;
			sourceTree = "<group>";
		};
		5A6F5CAC2C9919B7003B4A9F /* APIClients */ = {
			isa = PBXGroup;
			children = (
			);
			path = APIClients;
			sourceTree = "<group>";
		};
		5A6F5CAD2C9919C0003B4A9F /* Managers */ = {
			isa = PBXGroup;
			children = (
			);
			path = Managers;
			sourceTree = "<group>";
		};
		5A6F5CAE2C9919C7003B4A9F /* Resources */ = {
			isa = PBXGroup;
			children = (
				5A6F5C942C990E6A003B4A9F /* AppDelegate.swift */,
				5A6F5C9D2C990E6B003B4A9F /* Assets.xcassets */,
				5A6F5C9F2C990E6B003B4A9F /* LaunchScreen.storyboard */,
				5A6F5C962C990E6A003B4A9F /* SceneDelegate.swift */,
			);
			path = Resources;
			sourceTree = "<group>";
		};
		5A6F5CB62C991B34003B4A9F /* Core */ = {
			isa = PBXGroup;
			children = (
				5A6F5C982C990E6A003B4A9F /* RMTabBarController.swift */,
				5A6F5CB72C991B74003B4A9F /* RMCharacterViewController.swift */,
				5A6F5CB92C991B8C003B4A9F /* RMLocationViewController.swift */,
				5A6F5CBB2C991B9A003B4A9F /* RMEpisodeViewController.swift */,
				5A6F5CBD2C991BA5003B4A9F /* RMSettingsViewController.swift */,
			);
			path = Core;
			sourceTree = "<group>";
		};
/* End PBXGroup section */

/* Begin PBXNativeTarget section */
		5A6F5C902C990E6A003B4A9F /* RickAndMorty */ = {
			isa = PBXNativeTarget;
			buildConfigurationList = 5A6F5CA52C990E6B003B4A9F /* Build configuration list for PBXNativeTarget "RickAndMorty" */;
			buildPhases = (
				5A6F5C8D2C990E6A003B4A9F /* Sources */,
				5A6F5C8E2C990E6A003B4A9F /* Frameworks */,
				5A6F5C8F2C990E6A003B4A9F /* Resources */,
			);
			buildRules = (
			);
			dependencies = (
			);
			name = RickAndMorty;
			productName = RickAndMorty;
			productReference = 5A6F5C912C990E6A003B4A9F /* RickAndMorty.app */;
			productType = "com.apple.product-type.application";
		};
/* End PBXNativeTarget section */

/* Begin PBXProject section */
		5A6F5C892C990E6A003B4A9F /* Project object */ = {
			isa = PBXProject;
			attributes = {
				BuildIndependentTargetsInParallel = 1;
				LastSwiftUpdateCheck = 1530;
				LastUpgradeCheck = 1530;
				TargetAttributes = {
					5A6F5C902C990E6A003B4A9F = {
						CreatedOnToolsVersion = 15.3;
					};
				};
			};
			buildConfigurationList = 5A6F5C8C2C990E6A003B4A9F /* Build configuration list for PBXProject "RickAndMorty" */;
			compatibilityVersion = "Xcode 14.0";
			developmentRegion = en;
			hasScannedForEncodings = 0;
			knownRegions = (
				en,
				Base,
			);
			mainGroup = 5A6F5C882C990E6A003B4A9F;
			productRefGroup = 5A6F5C922C990E6A003B4A9F /* Products */;
			projectDirPath = "";
			projectRoot = "";
			targets = (
				5A6F5C902C990E6A003B4A9F /* RickAndMorty */,
			);
		};
/* End PBXProject section */

/* Begin PBXResourcesBuildPhase section */
		5A6F5C8F2C990E6A003B4A9F /* Resources */ = {
			isa = PBXResourcesBuildPhase;
			buildActionMask = 2147483647;
			files = (
				5A6F5C9E2C990E6B003B4A9F /* Assets.xcassets in Resources */,
				5A6F5CA12C990E6B003B4A9F /* Base in Resources */,
			);
			runOnlyForDeploymentPostprocessing = 0;
		};
/* End PBXResourcesBuildPhase section */

/* Begin PBXSourcesBuildPhase section */
		5A6F5C8D2C990E6A003B4A9F /* Sources */ = {
			isa = PBXSourcesBuildPhase;
			buildActionMask = 2147483647;
			files = (
				5A6F5CBA2C991B8C003B4A9F /* RMLocationViewController.swift in Sources */,
				5A6F5CB52C991AA0003B4A9F /* RMEpisode.swift in Sources */,
				5A6F5C992C990E6A003B4A9F /* RMTabBarController.swift in Sources */,
				5A6F5CBC2C991B9A003B4A9F /* RMEpisodeViewController.swift in Sources */,
				5A6F5C952C990E6A003B4A9F /* AppDelegate.swift in Sources */,
				5A6F5C972C990E6A003B4A9F /* SceneDelegate.swift in Sources */,
				5A6F5CBE2C991BA5003B4A9F /* RMSettingsViewController.swift in Sources */,
				5A6F5CB02C991A69003B4A9F /* RMLocation.swift in Sources */,
				5A6F5CB32C991A84003B4A9F /* RMCharacter.swift in Sources */,
				5A6F5CB82C991B74003B4A9F /* RMCharacterViewController.swift in Sources */,
			);
			runOnlyForDeploymentPostprocessing = 0;
		};
/* End PBXSourcesBuildPhase section */

/* Begin PBXVariantGroup section */
		5A6F5C9F2C990E6B003B4A9F /* LaunchScreen.storyboard */ = {
			isa = PBXVariantGroup;
			children = (
				5A6F5CA02C990E6B003B4A9F /* Base */,
			);
			name = LaunchScreen.storyboard;
			sourceTree = "<group>";
		};
/* End PBXVariantGroup section */

/* Begin XCBuildConfiguration section */
		5A6F5CA32C990E6B003B4A9F /* Debug */ = {
			isa = XCBuildConfiguration;
			buildSettings = {
				ALWAYS_SEARCH_USER_PATHS = NO;
				ASSETCATALOG_COMPILER_GENERATE_SWIFT_ASSET_SYMBOL_EXTENSIONS = YES;
				CLANG_ANALYZER_NONNULL = YES;
				CLANG_ANALYZER_NUMBER_OBJECT_CONVERSION = YES_AGGRESSIVE;
				CLANG_CXX_LANGUAGE_STANDARD = "gnu++20";
				CLANG_ENABLE_MODULES = YES;
				CLANG_ENABLE_OBJC_ARC = YES;
				CLANG_ENABLE_OBJC_WEAK = YES;
				CLANG_WARN_BLOCK_CAPTURE_AUTORELEASING = YES;
				CLANG_WARN_BOOL_CONVERSION = YES;
				CLANG_WARN_COMMA = YES;
				CLANG_WARN_CONSTANT_CONVERSION = YES;
				CLANG_WARN_DEPRECATED_OBJC_IMPLEMENTATIONS = YES;
				CLANG_WARN_DIRECT_OBJC_ISA_USAGE = YES_ERROR;
				CLANG_WARN_DOCUMENTATION_COMMENTS = YES;
				CLANG_WARN_EMPTY_BODY = YES;
				CLANG_WARN_ENUM_CONVERSION = YES;
				CLANG_WARN_INFINITE_RECURSION = YES;
				CLANG_WARN_INT_CONVERSION = YES;
				CLANG_WARN_NON_LITERAL_NULL_CONVERSION = YES;
				CLANG_WARN_OBJC_IMPLICIT_RETAIN_SELF = YES;
				CLANG_WARN_OBJC_LITERAL_CONVERSION = YES;
				CLANG_WARN_OBJC_ROOT_CLASS = YES_ERROR;
				CLANG_WARN_QUOTED_INCLUDE_IN_FRAMEWORK_HEADER = YES;
				CLANG_WARN_RANGE_LOOP_ANALYSIS = YES;
				CLANG_WARN_STRICT_PROTOTYPES = YES;
				CLANG_WARN_SUSPICIOUS_MOVE = YES;
				CLANG_WARN_UNGUARDED_AVAILABILITY = YES_AGGRESSIVE;
				CLANG_WARN_UNREACHABLE_CODE = YES;
				CLANG_WARN__DUPLICATE_METHOD_MATCH = YES;
				COPY_PHASE_STRIP = NO;
				DEBUG_INFORMATION_FORMAT = dwarf;
				ENABLE_STRICT_OBJC_MSGSEND = YES;
				ENABLE_TESTABILITY = YES;
				ENABLE_USER_SCRIPT_SANDBOXING = YES;
				GCC_C_LANGUAGE_STANDARD = gnu17;
				GCC_DYNAMIC_NO_PIC = NO;
				GCC_NO_COMMON_BLOCKS = YES;
				GCC_OPTIMIZATION_LEVEL = 0;
				GCC_PREPROCESSOR_DEFINITIONS = (
					"DEBUG=1",
					"$(inherited)",
				);
				GCC_WARN_64_TO_32_BIT_CONVERSION = YES;
				GCC_WARN_ABOUT_RETURN_TYPE = YES_ERROR;
				GCC_WARN_UNDECLARED_SELECTOR = YES;
				GCC_WARN_UNINITIALIZED_AUTOS = YES_AGGRESSIVE;
				GCC_WARN_UNUSED_FUNCTION = YES;
				GCC_WARN_UNUSED_VARIABLE = YES;
				IPHONEOS_DEPLOYMENT_TARGET = 17.4;
				LOCALIZATION_PREFERS_STRING_CATALOGS = YES;
				MTL_ENABLE_DEBUG_INFO = INCLUDE_SOURCE;
				MTL_FAST_MATH = YES;
				ONLY_ACTIVE_ARCH = YES;
				SDKROOT = iphoneos;
				SWIFT_ACTIVE_COMPILATION_CONDITIONS = "DEBUG $(inherited)";
				SWIFT_OPTIMIZATION_LEVEL = "-Onone";
			};
			name = Debug;
		};
		5A6F5CA42C990E6B003B4A9F /* Release */ = {
			isa = XCBuildConfiguration;
			buildSettings = {
				ALWAYS_SEARCH_USER_PATHS = NO;
				ASSETCATALOG_COMPILER_GENERATE_SWIFT_ASSET_SYMBOL_EXTENSIONS = YES;
				CLANG_ANALYZER_NONNULL = YES;
				CLANG_ANALYZER_NUMBER_OBJECT_CONVERSION = YES_AGGRESSIVE;
				CLANG_CXX_LANGUAGE_STANDARD = "gnu++20";
				CLANG_ENABLE_MODULES = YES;
				CLANG_ENABLE_OBJC_ARC = YES;
				CLANG_ENABLE_OBJC_WEAK = YES;
				CLANG_WARN_BLOCK_CAPTURE_AUTORELEASING = YES;
				CLANG_WARN_BOOL_CONVERSION = YES;
				CLANG_WARN_COMMA = YES;
				CLANG_WARN_CONSTANT_CONVERSION = YES;
				CLANG_WARN_DEPRECATED_OBJC_IMPLEMENTATIONS = YES;
				CLANG_WARN_DIRECT_OBJC_ISA_USAGE = YES_ERROR;
				CLANG_WARN_DOCUMENTATION_COMMENTS = YES;
				CLANG_WARN_EMPTY_BODY = YES;
				CLANG_WARN_ENUM_CONVERSION = YES;
				CLANG_WARN_INFINITE_RECURSION = YES;
				CLANG_WARN_INT_CONVERSION = YES;
				CLANG_WARN_NON_LITERAL_NULL_CONVERSION = YES;
				CLANG_WARN_OBJC_IMPLICIT_RETAIN_SELF = YES;
				CLANG_WARN_OBJC_LITERAL_CONVERSION = YES;
				CLANG_WARN_OBJC_ROOT_CLASS = YES_ERROR;
				CLANG_WARN_QUOTED_INCLUDE_IN_FRAMEWORK_HEADER = YES;
				CLANG_WARN_RANGE_LOOP_ANALYSIS = YES;
				CLANG_WARN_STRICT_PROTOTYPES = YES;
				CLANG_WARN_SUSPICIOUS_MOVE = YES;
				CLANG_WARN_UNGUARDED_AVAILABILITY = YES_AGGRESSIVE;
				CLANG_WARN_UNREACHABLE_CODE = YES;
				CLANG_WARN__DUPLICATE_METHOD_MATCH = YES;
				COPY_PHASE_STRIP = NO;
				DEBUG_INFORMATION_FORMAT = "dwarf-with-dsym";
				ENABLE_NS_ASSERTIONS = NO;
				ENABLE_STRICT_OBJC_MSGSEND = YES;
				ENABLE_USER_SCRIPT_SANDBOXING = YES;
				GCC_C_LANGUAGE_STANDARD = gnu17;
				GCC_NO_COMMON_BLOCKS = YES;
				GCC_WARN_64_TO_32_BIT_CONVERSION = YES;
				GCC_WARN_ABOUT_RETURN_TYPE = YES_ERROR;
				GCC_WARN_UNDECLARED_SELECTOR = YES;
				GCC_WARN_UNINITIALIZED_AUTOS = YES_AGGRESSIVE;
				GCC_WARN_UNUSED_FUNCTION = YES;
				GCC_WARN_UNUSED_VARIABLE = YES;
				IPHONEOS_DEPLOYMENT_TARGET = 17.4;
				LOCALIZATION_PREFERS_STRING_CATALOGS = YES;
				MTL_ENABLE_DEBUG_INFO = NO;
				MTL_FAST_MATH = YES;
				SDKROOT = iphoneos;
				SWIFT_COMPILATION_MODE = wholemodule;
				VALIDATE_PRODUCT = YES;
			};
			name = Release;
		};
		5A6F5CA62C990E6B003B4A9F /* Debug */ = {
			isa = XCBuildConfiguration;
			buildSettings = {
				ASSETCATALOG_COMPILER_APPICON_NAME = AppIcon;
				ASSETCATALOG_COMPILER_GLOBAL_ACCENT_COLOR_NAME = AccentColor;
				CODE_SIGN_STYLE = Automatic;
				CURRENT_PROJECT_VERSION = 1;
				GENERATE_INFOPLIST_FILE = YES;
				INFOPLIST_FILE = RickAndMorty/Info.plist;
				INFOPLIST_KEY_UIApplicationSupportsIndirectInputEvents = YES;
				INFOPLIST_KEY_UILaunchStoryboardName = LaunchScreen;
				INFOPLIST_KEY_UISupportedInterfaceOrientations_iPad = "UIInterfaceOrientationPortrait UIInterfaceOrientationPortraitUpsideDown UIInterfaceOrientationLandscapeLeft UIInterfaceOrientationLandscapeRight";
				INFOPLIST_KEY_UISupportedInterfaceOrientations_iPhone = "UIInterfaceOrientationPortrait UIInterfaceOrientationLandscapeLeft UIInterfaceOrientationLandscapeRight";
				LD_RUNPATH_SEARCH_PATHS = (
					"$(inherited)",
					"@executable_path/Frameworks",
				);
				MARKETING_VERSION = 1.0;
				PRODUCT_BUNDLE_IDENTIFIER = Sre10.RickAndMorty;
				PRODUCT_NAME = "$(TARGET_NAME)";
				SWIFT_EMIT_LOC_STRINGS = YES;
				SWIFT_VERSION = 5.0;
				TARGETED_DEVICE_FAMILY = "1,2";
			};
			name = Debug;
		};
		5A6F5CA72C990E6B003B4A9F /* Release */ = {
			isa = XCBuildConfiguration;
			buildSettings = {
				ASSETCATALOG_COMPILER_APPICON_NAME = AppIcon;
				ASSETCATALOG_COMPILER_GLOBAL_ACCENT_COLOR_NAME = AccentColor;
				CODE_SIGN_STYLE = Automatic;
				CURRENT_PROJECT_VERSION = 1;
				GENERATE_INFOPLIST_FILE = YES;
				INFOPLIST_FILE = RickAndMorty/Info.plist;
				INFOPLIST_KEY_UIApplicationSupportsIndirectInputEvents = YES;
				INFOPLIST_KEY_UILaunchStoryboardName = LaunchScreen;
				INFOPLIST_KEY_UISupportedInterfaceOrientations_iPad = "UIInterfaceOrientationPortrait UIInterfaceOrientationPortraitUpsideDown UIInterfaceOrientationLandscapeLeft UIInterfaceOrientationLandscapeRight";
				INFOPLIST_KEY_UISupportedInterfaceOrientations_iPhone = "UIInterfaceOrientationPortrait UIInterfaceOrientationLandscapeLeft UIInterfaceOrientationLandscapeRight";
				LD_RUNPATH_SEARCH_PATHS = (
					"$(inherited)",
					"@executable_path/Frameworks",
				);
				MARKETING_VERSION = 1.0;
				PRODUCT_BUNDLE_IDENTIFIER = Sre10.RickAndMorty;
				PRODUCT_NAME = "$(TARGET_NAME)";
				SWIFT_EMIT_LOC_STRINGS = YES;
				SWIFT_VERSION = 5.0;
				TARGETED_DEVICE_FAMILY = "1,2";
			};
			name = Release;
		};
/* End XCBuildConfiguration section */

/* Begin XCConfigurationList section */
		5A6F5C8C2C990E6A003B4A9F /* Build configuration list for PBXProject "RickAndMorty" */ = {
			isa = XCConfigurationList;
			buildConfigurations = (
				5A6F5CA32C990E6B003B4A9F /* Debug */,
				5A6F5CA42C990E6B003B4A9F /* Release */,
			);
			defaultConfigurationIsVisible = 0;
			defaultConfigurationName = Release;
		};
		5A6F5CA52C990E6B003B4A9F /* Build configuration list for PBXNativeTarget "RickAndMorty" */ = {
			isa = XCConfigurationList;
			buildConfigurations = (
				5A6F5CA62C990E6B003B4A9F /* Debug */,
				5A6F5CA72C990E6B003B4A9F /* Release */,
			);
			defaultConfigurationIsVisible = 0;
			defaultConfigurationName = Release;
		};
/* End XCConfigurationList section */
	};
	rootObject = 5A6F5C892C990E6A003B4A9F /* Project object */;
}
